
Microsoft Visual Studio Solution File, Format Version 12.00
# Visual Studio Version 17
VisualStudioVersion = 17.2.32602.215
MinimumVisualStudioVersion = 10.0.40219.1
Project("{9A19103F-16F7-4668-BE54-9A1E7A4F7556}") = "CourseWork", "CourseWork\CourseWork.csproj", "{81DFCAE4-3626-4017-B15B-E88C29229806}"
EndProject
Global
	GlobalSection(SolutionConfigurationPlatforms) = preSolution
		Debug|Any CPU = Debug|Any CPU
		Release|Any CPU = Release|Any CPU
	EndGlobalSection
	GlobalSection(ProjectConfigurationPlatforms) = postSolution
		{81DFCAE4-3626-4017-B15B-E88C29229806}.Debug|Any CPU.ActiveCfg = Debug|Any CPU
		{81DFCAE4-3626-4017-B15B-E88C29229806}.Debug|Any CPU.Build.0 = Debug|Any CPU
		{81DFCAE4-3626-4017-B15B-E88C29229806}.Release|Any CPU.ActiveCfg = Release|Any CPU
		{81DFCAE4-3626-4017-B15B-E88C29229806}.Release|Any CPU.Build.0 = Release|Any CPU
	EndGlobalSection
	GlobalSection(SolutionProperties) = preSolution
		HideSolutionNode = FALSE
	EndGlobalSection
	GlobalSection(ExtensibilityGlobals) = postSolution
		SolutionGuid = {DD4F060F-6A6D-436D-9E79-DA90D1AFE51D}
	EndGlobalSection
EndGlobal
